# This file is autogenerated, do not edit; changes may be undone by the next 'dep ensure'.


[[projects]]
  digest = "1:9486e44c7fdfa9f52d2c387f4e47f039049fc4fd0afd19291a1399df23302b7f"
  name = "cloud.google.com/go"
  packages = [
    "compute/metadata",
    "datastore",
    "errorreporting/apiv1beta1",
    "errors",
    "internal",
    "internal/atomiccache",
    "internal/fields",
    "internal/version",
    "logging",
    "logging/apiv2",
    "logging/internal",
  ]
  pruneopts = "UT"
  revision = "f6de2c509ed9d2af648c3c147207eaaf97149aed"
  version = "v0.14.0"

[[projects]]
  digest = "1:d688f4ad71b5dfad95c2d74cb0feac09f8f3c32ae5cecc078230dbdeece39e53"
  name = "github.com/codegangsta/negroni"
  packages = ["."]
  pruneopts = "UT"
  revision = "c6a59be0ce122566695fbd5e48a77f8f10c8a63a"
  version = "v1.0.0"

[[projects]]
  digest = "1:72856926f8208767b837bf51e3373f49139f61889b67dc7fd3c2a0fd711e3f7a"
  name = "github.com/golang/protobuf"
  packages = [
    "proto",
    "protoc-gen-go/descriptor",
    "ptypes",
    "ptypes/any",
    "ptypes/duration",
    "ptypes/empty",
    "ptypes/struct",
    "ptypes/timestamp",
    "ptypes/wrappers",
  ]
  pruneopts = "UT"
  revision = "aa810b61a9c79d51363740d207bb46cf8e620ed5"
  version = "v1.2.0"

[[projects]]
  digest = "1:cd9864c6366515827a759931746738ede6079faa08df9c584596370d6add135c"
  name = "github.com/googleapis/gax-go"
  packages = [
    ".",
    "v2",
  ]
  pruneopts = "UT"
  revision = "c8a15bac9b9fe955bd9f900272f9a306465d28cf"
  version = "v2.0.3"

[[projects]]
  digest = "1:c79fb010be38a59d657c48c6ba1d003a8aa651fa56b579d959d74573b7dff8e1"
  name = "github.com/gorilla/context"
  packages = ["."]
  pruneopts = "UT"
  revision = "08b5f424b9271eedf6f9f0ce86cb9396ed337a42"
  version = "v1.1.1"

[[projects]]
  digest = "1:e73f5b0152105f18bc131fba127d9949305c8693f8a762588a82a48f61756f5f"
  name = "github.com/gorilla/mux"
  packages = ["."]
  pruneopts = "UT"
  revision = "e3702bed27f0d39777b0b37b664b6280e8ef8fbf"
  version = "v1.6.2"

[[projects]]
  digest = "1:381ccafa5e013a0e3f9b54604ae522a73b9533a375a6a714b483c634d5e927ab"
  name = "go.opencensus.io"
  packages = [
    ".",
    "exemplar",
    "internal",
    "internal/tagencoding",
    "plugin/ocgrpc",
    "plugin/ochttp",
    "plugin/ochttp/propagation/b3",
    "stats",
    "stats/internal",
    "stats/view",
    "tag",
    "trace",
    "trace/internal",
    "trace/propagation",
    "trace/tracestate",
  ]
  pruneopts = "UT"
  revision = "b7bf3cdb64150a8c8c53b769fdeb2ba581bd4d4b"
  version = "v0.18.0"

[[projects]]
  branch = "master"
  digest = "1:8ecb828bb550a8c6b7d75b8261a42c369461311616ebe5451966d067f5f993bf"
  name = "golang.org/x/net"
  packages = [
    "context",
    "context/ctxhttp",
    "http/httpguts",
    "http2",
    "http2/hpack",
    "idna",
    "internal/timeseries",
    "trace",
  ]
  pruneopts = "UT"
  revision = "927f97764cc334a6575f4b7a1584a147864d5723"

[[projects]]
  branch = "master"
  digest = "1:23443edff0740e348959763085df98400dcfd85528d7771bb0ce9f5f2754ff4a"
  name = "golang.org/x/oauth2"
  packages = [
    ".",
    "google",
    "internal",
    "jws",
    "jwt",
  ]
  pruneopts = "UT"
  revision = "d668ce993890a79bda886613ee587a69dd5da7a6"

[[projects]]
  branch = "master"
  digest = "1:75515eedc0dc2cb0b40372008b616fa2841d831c63eedd403285ff286c593295"
  name = "golang.org/x/sync"
  packages = ["semaphore"]
  pruneopts = "UT"
  revision = "37e7f081c4d4c64e13b10787722085407fe5d15f"

[[projects]]
  branch = "master"
  digest = "1:5004e851e5eccde563d17871cd9d11c82e2faa578b1a0de81dc74867ad3845a4"
  name = "golang.org/x/sys"
  packages = ["unix"]
  pruneopts = "UT"
  revision = "82a175fd1598e8a172e58ebdf5ed262bb29129e5"

[[projects]]
  digest = "1:a2ab62866c75542dd18d2b069fec854577a20211d7c0ea6ae746072a1dccdd18"
  name = "golang.org/x/text"
  packages = [
    "collate",
    "collate/build",
    "internal/colltab",
    "internal/gen",
    "internal/tag",
    "internal/triegen",
    "internal/ucd",
    "language",
    "secure/bidirule",
    "transform",
    "unicode/bidi",
    "unicode/cldr",
    "unicode/norm",
    "unicode/rangetable",
  ]
  pruneopts = "UT"
  revision = "f21a4dfb5e38f5895301dc265a8def02365cc3d0"
  version = "v0.3.0"

[[projects]]
  digest = "1:2e81813e8e072aa700e101369890e55539729d817d32dbc3fab228d6b40c4d83"
  name = "google.golang.org/api"
  packages = [
    "googleapi/transport",
    "internal",
    "iterator",
    "option",
    "support/bundler",
    "transport",
    "transport/grpc",
    "transport/http",
    "transport/http/internal/propagation",
  ]
  pruneopts = "UT"
  revision = "19e022d8cf43ce81f046bae8cc18c5397cc7732f"
  version = "v0.1.0"

[[projects]]
  digest = "1:c4eaa5f79d36f76ef4bd0c4f96e36bc1b7b5a359528d1267f0cb7a5d58b7b5bb"
  name = "google.golang.org/appengine"
  packages = [
    ".",
    "internal",
    "internal/app_identity",
    "internal/base",
    "internal/datastore",
    "internal/log",
    "internal/modules",
    "internal/remote_api",
    "internal/socket",
    "internal/urlfetch",
    "socket",
    "urlfetch",
  ]
  pruneopts = "UT"
  revision = "e9657d882bb81064595ca3b56cbe2546bbabf7b1"
  version = "v1.4.0"

[[projects]]
  branch = "master"
  digest = "1:b211324875b962f6308783c759f38e49372f8e619e8673f19e60145e1833b772"
  name = "google.golang.org/genproto"
  packages = [
    "googleapis/api/annotations",
    "googleapis/api/distribution",
    "googleapis/api/label",
    "googleapis/api/metric",
    "googleapis/api/monitoredres",
    "googleapis/datastore/v1",
    "googleapis/devtools/clouderrorreporting/v1beta1",
    "googleapis/logging/type",
    "googleapis/logging/v2",
    "googleapis/rpc/status",
    "googleapis/type/latlng",
    "protobuf/field_mask",
  ]
  pruneopts = "UT"
  revision = "bd9b4fb69e2ffd37621a6caa54dcbead29b546f2"

[[projects]]
  digest = "1:3fc54ad826c0183f803bb97e0927dfc05fcb7b7a6ddabed646ee8184d861fa9b"
  name = "google.golang.org/grpc"
  packages = [
    ".",
    "balancer",
    "balancer/base",
    "balancer/roundrobin",
    "binarylog/grpc_binarylog_v1",
    "codes",
    "connectivity",
    "credentials",
    "credentials/internal",
    "credentials/oauth",
    "encoding",
    "encoding/proto",
    "grpclog",
    "internal",
    "internal/backoff",
    "internal/binarylog",
    "internal/channelz",
    "internal/envconfig",
    "internal/grpcrand",
    "internal/grpcsync",
    "internal/syscall",
    "internal/transport",
    "keepalive",
    "metadata",
    "naming",
    "peer",
    "resolver",
    "resolver/dns",
    "resolver/passthrough",
    "stats",
    "status",
    "tap",
  ]
  pruneopts = "UT"
  revision = "df014850f6dee74ba2fc94874043a9f3f75fbfd8"
  version = "v1.17.0"

[solve-meta]
  analyzer-name = "dep"
  analyzer-version = 1
  input-imports = [
    "cloud.google.com/go/datastore",
    "cloud.google.com/go/errors",
    "github.com/codegangsta/negroni",
    "github.com/gorilla/mux",
  ]
  solver-name = "gps-cdcl"
  solver-version = 1
